
Microsoft Visual Studio Solution File, Format Version 12.00
# Visual Studio 15
VisualStudioVersion = 15.0.27703.2042
MinimumVisualStudioVersion = 10.0.40219.1
Project("{FAE04EC0-301F-11D3-BF4B-00C04F79EFBC}") = "BinaryLines", "BinaryLines\BinaryLines.csproj", "{12CE6D74-0904-4923-AFD1-AAB704603979}"
EndProject
Global
	GlobalSection(SolutionConfigurationPlatforms) = preSolution
		Debug|Any CPU = Debug|Any CPU
		Release|Any CPU = Release|Any CPU
	EndGlobalSection
	GlobalSection(ProjectConfigurationPlatforms) = postSolution
		{12CE6D74-0904-4923-AFD1-AAB704603979}.Debug|Any CPU.ActiveCfg = Debug|Any CPU
		{12CE6D74-0904-4923-AFD1-AAB704603979}.Debug|Any CPU.Build.0 = Debug|Any CPU
		{12CE6D74-0904-4923-AFD1-AAB704603979}.Release|Any CPU.ActiveCfg = Release|Any CPU
		{12CE6D74-0904-4923-AFD1-AAB704603979}.Release|Any CPU.Build.0 = Release|Any CPU
	EndGlobalSection
	GlobalSection(SolutionProperties) = preSolution
		HideSolutionNode = FALSE
	EndGlobalSection
	GlobalSection(ExtensibilityGlobals) = postSolution
		SolutionGuid = {748CC604-1D4F-4A44-A895-56AC0FCF8A06}
	EndGlobalSection
EndGlobal
